
Microsoft Visual Studio Solution File, Format Version 12.00
# Visual Studio Version 16
VisualStudioVersion = 16.0.29424.173
MinimumVisualStudioVersion = 10.0.40219.1
Project("{9A19103F-16F7-4668-BE54-9A1E7A4F7556}") = "StoreReplenishmentApi", "StoreReplenishmentApi\StoreReplenishmentApi.csproj", "{7C395F7D-82D3-46A4-8496-D14CEBF9C60A}"
EndProject
Project("{FAE04EC0-301F-11D3-BF4B-00C04F79EFBC}") = "StoreReplenishment.Test", "StoreReplenishment.Test\StoreReplenishment.Test.csproj", "{6DA80BEA-D0B1-4DF7-A997-F3EB30087F14}"
EndProject
Project("{FAE04EC0-301F-11D3-BF4B-00C04F79EFBC}") = "StoreReplenishment.Domain", "StoreReplenishment.Domain\StoreReplenishment.Domain.csproj", "{8868DE6E-42F4-44BF-BA54-5E404BFD17C8}"
EndProject
Project("{FAE04EC0-301F-11D3-BF4B-00C04F79EFBC}") = "StoreReplanishment.Application", "StoreReplanishment.Application\StoreReplanishment.Application.csproj", "{0065502C-9756-495B-9403-83DFA28D301A}"
EndProject
Global
	GlobalSection(SolutionConfigurationPlatforms) = preSolution
		Debug|Any CPU = Debug|Any CPU
		Release|Any CPU = Release|Any CPU
	EndGlobalSection
	GlobalSection(ProjectConfigurationPlatforms) = postSolution
		{7C395F7D-82D3-46A4-8496-D14CEBF9C60A}.Debug|Any CPU.ActiveCfg = Debug|Any CPU
		{7C395F7D-82D3-46A4-8496-D14CEBF9C60A}.Debug|Any CPU.Build.0 = Debug|Any CPU
		{7C395F7D-82D3-46A4-8496-D14CEBF9C60A}.Release|Any CPU.ActiveCfg = Release|Any CPU
		{7C395F7D-82D3-46A4-8496-D14CEBF9C60A}.Release|Any CPU.Build.0 = Release|Any CPU
		{6DA80BEA-D0B1-4DF7-A997-F3EB30087F14}.Debug|Any CPU.ActiveCfg = Debug|Any CPU
		{6DA80BEA-D0B1-4DF7-A997-F3EB30087F14}.Debug|Any CPU.Build.0 = Debug|Any CPU
		{6DA80BEA-D0B1-4DF7-A997-F3EB30087F14}.Release|Any CPU.ActiveCfg = Release|Any CPU
		{6DA80BEA-D0B1-4DF7-A997-F3EB30087F14}.Release|Any CPU.Build.0 = Release|Any CPU
		{8868DE6E-42F4-44BF-BA54-5E404BFD17C8}.Debug|Any CPU.ActiveCfg = Debug|Any CPU
		{8868DE6E-42F4-44BF-BA54-5E404BFD17C8}.Debug|Any CPU.Build.0 = Debug|Any CPU
		{8868DE6E-42F4-44BF-BA54-5E404BFD17C8}.Release|Any CPU.ActiveCfg = Release|Any CPU
		{8868DE6E-42F4-44BF-BA54-5E404BFD17C8}.Release|Any CPU.Build.0 = Release|Any CPU
		{0065502C-9756-495B-9403-83DFA28D301A}.Debug|Any CPU.ActiveCfg = Debug|Any CPU
		{0065502C-9756-495B-9403-83DFA28D301A}.Debug|Any CPU.Build.0 = Debug|Any CPU
		{0065502C-9756-495B-9403-83DFA28D301A}.Release|Any CPU.ActiveCfg = Release|Any CPU
		{0065502C-9756-495B-9403-83DFA28D301A}.Release|Any CPU.Build.0 = Release|Any CPU
	EndGlobalSection
	GlobalSection(SolutionProperties) = preSolution
		HideSolutionNode = FALSE
	EndGlobalSection
	GlobalSection(ExtensibilityGlobals) = postSolution
		SolutionGuid = {90C41147-B39B-49FD-97F0-401AA91BD330}
	EndGlobalSection
EndGlobal
